{"1.1.0",
[{<<"base16">>,{pkg,<<"base16">>,<<"1.0.0">>},1},
 {<<"base64url">>,{pkg,<<"base64url">>,<<"0.0.1">>},2},
 {<<"crdts">>,
  {git,"https://github.com/fogfish/crdts",
       {ref,"77a9209fdee227dc4837f7b14fa876fcab0a1be7"}},
  1},
 {<<"datum">>,{pkg,<<"datum">>,<<"4.3.6">>},0},
 {<<"eini">>,{pkg,<<"eini">>,<<"1.2.5">>},1},
 {<<"ek">>,
  {git,"https://github.com/fogfish/ek",
       {ref,"dfc8823343daf59406d5b18e470a5753e383d9c6"}},
  0},
 {<<"erlcloud">>,
  {git,"https://github.com/erlcloud/erlcloud",
       {ref,"b60d5bc64ab1d57f97f7dc3b6461bb161c5c0664"}},
  0},
 {<<"feta">>,
  {git,"https://github.com/fogfish/feta",
       {ref,"c5d251b3f995b96afd5e8ec7da61516842aa658c"}},
  1},
 {<<"getopt">>,
  {git,"https://github.com/jcomellas/getopt.git",
       {ref,"784b0ea8777f754fc96099b385d00d9cf5b137d8"}},
  0},
 {<<"goldrush">>,{pkg,<<"goldrush">>,<<"0.1.9">>},1},
 {<<"hash">>,
  {git,"https://github.com/fogfish/hash",
       {ref,"a1b9101189e115b4eabbe941639f3c626614e986"}},
  1},
 {<<"htcodec">>,
  {git,"https://github.com/fogfish/htcodec.git",
       {ref,"7d50a82dc120652459ec30a8e70dbad5d824cad9"}},
  0},
 {<<"htstream">>,
  {git,"https://github.com/kfsm/htstream",
       {ref,"3a393c3595232bf9cfe4d7ae0a4e09acadb1deda"}},
  2},
 {<<"jsx">>,{pkg,<<"jsx">>,<<"2.8.0">>},1},
 {<<"jwt">>,{pkg,<<"jwt">>,<<"0.1.6">>},1},
 {<<"knet">>,
  {git,"https://github.com/kfsm/knet.git",
       {ref,"6fa57be0f67021d9694470991009de5f80e527b0"}},
  1},
 {<<"lager">>,{pkg,<<"lager">>,<<"3.6.6">>},0},
 {<<"lhttpc">>,{pkg,<<"lhttpc">>,<<"1.5.5">>},1},
 {<<"meck">>,
  {git,"https://github.com/eproxus/meck",
       {ref,"12572c19983253a2c65cd4339dc3748ac3e83eea"}},
  1},
 {<<"permit">>,
  {git,"https://github.com/fogfish/permit",
       {ref,"281c8ba302a283d871d32ef25362420d965ef62e"}},
  0},
 {<<"pipe">>,{pkg,<<"pipes">>,<<"2.0.1">>},0},
 {<<"pns">>,
  {git,"https://github.com/fogfish/pns",
       {ref,"f9b37630d0a8797063a2a443b42f14353ad858c8"}},
  1},
 {<<"pts">>,
  {git,"https://github.com/fogfish/pts",
       {ref,"f98c594f1e596f81b5e54c9791bf69568327fba2"}},
  0},
 {<<"restd">>,
  {git,"https://github.com/kfsm/restd",
       {ref,"2490ed80893c22b8e9d67c4a7f9f5910edb381e3"}},
  0},
 {<<"s3am">>,
  {git,"https://github.com/fogfish/s3am.git",
       {ref,"8fe358590dbeaedfd3ecdca9c72266c90f3ae113"}},
  0},
 {<<"uid">>,
  {git,"https://github.com/fogfish/uid",
       {ref,"698ebcb27b273a2f879d8bd24be5f5ea54c98850"}},
  1}]}.
[
{pkg_hash,[
 {<<"base16">>, <<"283644E2B21BD5915ACB7178BED7851FB07C6E5749B8FAD68A53C501092176D9">>},
 {<<"base64url">>, <<"36A90125F5948E3AFD7BE97662A1504B934DD5DAC78451CA6E9ABF85A10286BE">>},
 {<<"datum">>, <<"07AA802EF8C68FC990164BB398890FBE03FF4FA30570C37BF6D836A4FDF27D54">>},
 {<<"eini">>, <<"98E4988474FAAF821E3511579090AF989096ADBDB5F7BFAA03AA0A9AC80296B2">>},
 {<<"goldrush">>, <<"F06E5D5F1277DA5C413E84D5A2924174182FB108DABB39D5EC548B27424CD106">>},
 {<<"jsx">>, <<"749BEC6D205C694AE1786D62CEA6CC45A390437E24835FD16D12D74F07097727">>},
 {<<"jwt">>, <<"F080AB90EED51B1159E43CF775277BD30AEDA85033AE2D278B4FFCAA32FF14B7">>},
 {<<"lager">>, <<"23C8F5ABC4189F46804791E16BF6421C14EBC5B529DC113BC54639C6C62F255D">>},
 {<<"lhttpc">>, <<"CAE8E318063B4A431385BB3483D9C17116B264BE87442308450B3E879F9BD3CF">>},
 {<<"pipe">>, <<"A2B56796C63690ED0E78BB77BB389AF250BD70AFA15A6869369DBDC11087D68F">>}]}
].
