{"1.1.0",
[{<<"base16">>,{pkg,<<"base16">>,<<"1.0.0">>},1},
 {<<"base64url">>,{pkg,<<"base64url">>,<<"0.0.1">>},2},
 {<<"datum">>,{pkg,<<"datum">>,<<"4.1.0">>},0},
 {<<"eini">>,{pkg,<<"eini">>,<<"1.2.4">>},1},
 {<<"ek">>,
  {git,"https://github.com/fogfish/ek",
       {ref,"8e0cd0f21b0d8a846c7875a88b79e1339b057534"}},
  0},
 {<<"erlcloud">>,
  {git,"https://github.com/erlcloud/erlcloud",
       {ref,"e79daedcf81008d6a082d99dc47f372c5189acf5"}},
  0},
 {<<"esh">>,
  {git,"https://github.com/fogfish/esh",
       {ref,"0c7189352c72021963356e998164bab8bb64b545"}},
  1},
 {<<"feta">>,
  {git,"https://github.com/fogfish/feta",
       {ref,"13a4e7d7b1aa7d857ecc218077afac785346aff9"}},
  1},
 {<<"getopt">>,
  {git,"https://github.com/jcomellas/getopt.git",
       {ref,"fbd210550677114a6c96cdf66e340eb248908d93"}},
  0},
 {<<"goldrush">>,{pkg,<<"goldrush">>,<<"0.1.9">>},1},
 {<<"hash">>,
  {git,"https://github.com/fogfish/hash",
       {ref,"043931773300eeff736adfc92e1ee9e20204ba84"}},
  1},
 {<<"htcodec">>,
  {git,"https://github.com/fogfish/htcodec.git",
       {ref,"d4cdea2a54e872b49bdbe141b2cdd51a5406b9cf"}},
  0},
 {<<"htstream">>,
  {git,"https://github.com/kfsm/htstream",
       {ref,"a6f07398ea15775a16b77e584d799e8baab76843"}},
  2},
 {<<"jsx">>,{pkg,<<"jsx">>,<<"2.8.0">>},1},
 {<<"jwt">>,
  {git,"https://github.com/artemeff/jwt.git",
       {ref,"2b019c20057d5fddcd220f7e8fc929d326d2fd38"}},
  1},
 {<<"knet">>,
  {git,"https://github.com/kfsm/knet",
       {ref,"ebf9925eaf32999cf6abd3b9ba4f4abd1aa49e97"}},
  1},
 {<<"kscript">>,
  {git,"https://github.com/fogfish/kscript",
       {ref,"d0e653d9612bd82b984bf7dd6000f34446c1bcaa"}},
  0},
 {<<"lager">>,{pkg,<<"lager">>,<<"3.5.2">>},0},
 {<<"lhttpc">>,{pkg,<<"lhttpc">>,<<"1.5.4">>},1},
 {<<"meck">>,
  {git,"https://github.com/eproxus/meck",
       {ref,"7b78e29cba837cdec88bfca5c6c3b75baf40d66f"}},
  1},
 {<<"permit">>,
  {git,"https://github.com/fogfish/permit",
       {ref,"bfa525cdf8b708eb89b5572fb60de9f3eff7eae5"}},
  0},
 {<<"pipe">>,
  {git,"https://github.com/kfsm/pipe",
       {ref,"a091f919659818cfe37e2d8c5d44d73962322ab9"}},
  0},
 {<<"pns">>,
  {git,"https://github.com/fogfish/pns",
       {ref,"92bfcf925064227dad32568ec84172e9321ca761"}},
  1},
 {<<"pts">>,
  {git,"https://github.com/fogfish/pts",
       {ref,"f98c594f1e596f81b5e54c9791bf69568327fba2"}},
  0},
 {<<"restd">>,
  {git,"https://github.com/kfsm/restd",
       {ref,"67d0d3c403291bd9be5af2936d65db617145da26"}},
  0},
 {<<"uid">>,
  {git,"https://github.com/fogfish/uid",
       {ref,"2772689999567931226aae7a55d9a2b5f70a457c"}},
  1}]}.
[
{pkg_hash,[
 {<<"base16">>, <<"283644E2B21BD5915ACB7178BED7851FB07C6E5749B8FAD68A53C501092176D9">>},
 {<<"base64url">>, <<"36A90125F5948E3AFD7BE97662A1504B934DD5DAC78451CA6E9ABF85A10286BE">>},
 {<<"datum">>, <<"9ADA6E7070DE528E619FFBA2EE451C4734F6AFEF8379753CEE38B48154B9C75F">>},
 {<<"eini">>, <<"ABD64A0533398A6D714D21219BB85F2D41FDB42665AC4080939B7BFA8E55F386">>},
 {<<"goldrush">>, <<"F06E5D5F1277DA5C413E84D5A2924174182FB108DABB39D5EC548B27424CD106">>},
 {<<"jsx">>, <<"749BEC6D205C694AE1786D62CEA6CC45A390437E24835FD16D12D74F07097727">>},
 {<<"lager">>, <<"614A8C8F67BF99B69EB264EA22121AD25511C055AAEC09B086773D5108C6767F">>},
 {<<"lhttpc">>, <<"405E4F460D67FE8F43F0E6D64E4D168F8A5CFF3AD34D78114688753DAA80FBEB">>}]}
].
