{"1.1.0",
[{<<"base16">>,{pkg,<<"base16">>,<<"1.0.0">>},1},
 {<<"base64url">>,{pkg,<<"base64url">>,<<"0.0.1">>},2},
 {<<"datum">>,{pkg,<<"datum">>,<<"4.3.2">>},0},
 {<<"eini">>,{pkg,<<"eini">>,<<"1.2.4">>},1},
 {<<"ek">>,
  {git,"https://github.com/fogfish/ek",
       {ref,"8e0cd0f21b0d8a846c7875a88b79e1339b057534"}},
  0},
 {<<"erlcloud">>,
  {git,"https://github.com/erlcloud/erlcloud",
       {ref,"39ac10c3a25ed0a03e5f6ee99513168b75182dab"}},
  0},
 {<<"feta">>,
  {git,"https://github.com/fogfish/feta",
       {ref,"c5d251b3f995b96afd5e8ec7da61516842aa658c"}},
  1},
 {<<"getopt">>,
  {git,"https://github.com/jcomellas/getopt.git",
       {ref,"784b0ea8777f754fc96099b385d00d9cf5b137d8"}},
  0},
 {<<"goldrush">>,{pkg,<<"goldrush">>,<<"0.1.9">>},1},
 {<<"hash">>,
  {git,"https://github.com/fogfish/hash",
       {ref,"043931773300eeff736adfc92e1ee9e20204ba84"}},
  1},
 {<<"htcodec">>,
  {git,"https://github.com/fogfish/htcodec.git",
       {ref,"7d50a82dc120652459ec30a8e70dbad5d824cad9"}},
  0},
 {<<"htstream">>,
  {git,"https://github.com/kfsm/htstream",
       {ref,"3a393c3595232bf9cfe4d7ae0a4e09acadb1deda"}},
  1},
 {<<"jsx">>,{pkg,<<"jsx">>,<<"2.8.0">>},1},
 {<<"jwt">>,{pkg,<<"jwt">>,<<"0.1.5">>},1},
 {<<"knet">>,
  {git,"https://github.com/fogfish/knet",
       {ref,"236c578e72653af1a69a75fc283110918cbb8ba8"}},
  0},
 {<<"kscript">>,
  {git,"https://github.com/fogfish/kscript",
       {ref,"d0e653d9612bd82b984bf7dd6000f34446c1bcaa"}},
  0},
 {<<"lager">>,{pkg,<<"lager">>,<<"3.6.2">>},0},
 {<<"lhttpc">>,{pkg,<<"lhttpc">>,<<"1.5.4">>},1},
 {<<"meck">>,{pkg,<<"meck">>,<<"0.8.9">>},1},
 {<<"permit">>,
  {git,"https://github.com/fogfish/permit",
       {ref,"09a4c2278fea3ac677af7ab11726116b3cb2e695"}},
  0},
 {<<"pipe">>,{pkg,<<"pipes">>,<<"1.9.0">>},0},
 {<<"pns">>,
  {git,"https://github.com/fogfish/pns",
       {ref,"92bfcf925064227dad32568ec84172e9321ca761"}},
  1},
 {<<"pts">>,
  {git,"https://github.com/fogfish/pts",
       {ref,"f98c594f1e596f81b5e54c9791bf69568327fba2"}},
  0},
 {<<"restd">>,
  {git,"https://github.com/kfsm/restd",
       {ref,"acd66de8895433195ab0170eb595bb7333bdc672"}},
  0},
 {<<"s3am">>,
  {git,"https://github.com/fogfish/s3am.git",
       {ref,"36e3b36f5fac259dc9a3e4a9912bde3700cd66d8"}},
  0},
 {<<"uid">>,
  {git,"https://github.com/fogfish/uid",
       {ref,"698ebcb27b273a2f879d8bd24be5f5ea54c98850"}},
  1}]}.
[
{pkg_hash,[
 {<<"base16">>, <<"283644E2B21BD5915ACB7178BED7851FB07C6E5749B8FAD68A53C501092176D9">>},
 {<<"base64url">>, <<"36A90125F5948E3AFD7BE97662A1504B934DD5DAC78451CA6E9ABF85A10286BE">>},
 {<<"datum">>, <<"841549936326B2D660D267D52B3DC7B16457CC174CBACF57E655D79F4BAB924E">>},
 {<<"eini">>, <<"ABD64A0533398A6D714D21219BB85F2D41FDB42665AC4080939B7BFA8E55F386">>},
 {<<"goldrush">>, <<"F06E5D5F1277DA5C413E84D5A2924174182FB108DABB39D5EC548B27424CD106">>},
 {<<"jsx">>, <<"749BEC6D205C694AE1786D62CEA6CC45A390437E24835FD16D12D74F07097727">>},
 {<<"jwt">>, <<"1BC6224ED958976A2F1ACD238ED9D499ECD9BA4B97178946AABE5E86E39B6728">>},
 {<<"lager">>, <<"2C72950A0E75FFD927DD35BC85EA30E7680A264C4BBD08B328250871AC456CC2">>},
 {<<"lhttpc">>, <<"405E4F460D67FE8F43F0E6D64E4D168F8A5CFF3AD34D78114688753DAA80FBEB">>},
 {<<"meck">>, <<"64C5C0BD8BCCA3A180B44196265C8ED7594E16BCC845D0698EC6B4E577F48188">>},
 {<<"pipe">>, <<"54D55797ECB36920BE9ACBDD1297DA6D68ABD0F74DC7EF7E08DBC5538AFEE2BB">>}]}
].
