{"1.1.0",
[{<<"base64url">>,{pkg,<<"base64url">>,<<"0.0.1">>},2},
 {<<"datum">>,{pkg,<<"datum">>,<<"4.6.1">>},0},
 {<<"feta">>,
  {git,"https://github.com/fogfish/feta",
       {ref,"c5d251b3f995b96afd5e8ec7da61516842aa658c"}},
  1},
 {<<"hash">>,
  {git,"https://github.com/fogfish/hash",
       {ref,"a1b9101189e115b4eabbe941639f3c626614e986"}},
  1},
 {<<"jsx">>,{pkg,<<"jsx">>,<<"2.8.3">>},2},
 {<<"jwt">>,{pkg,<<"jwt">>,<<"0.1.9">>},1},
 {<<"meck">>,{pkg,<<"meck">>,<<"0.8.13">>},2},
 {<<"permit">>,
  {git,"https://github.com/fogfish/permit",
       {ref,"27a98413562696a30e5771fd363d766218ee33f9"}},
  0},
 {<<"pipes">>,{pkg,<<"pipes">>,<<"2.0.1">>},1},
 {<<"pns">>,
  {git,"https://github.com/fogfish/pns",
       {ref,"f9b37630d0a8797063a2a443b42f14353ad858c8"}},
  2},
 {<<"pts">>,
  {git,"https://github.com/fogfish/pts",
       {ref,"f98c594f1e596f81b5e54c9791bf69568327fba2"}},
  1},
 {<<"uid">>,{pkg,<<"uid">>,<<"1.3.4">>},1}]}.
[
{pkg_hash,[
 {<<"base64url">>, <<"36A90125F5948E3AFD7BE97662A1504B934DD5DAC78451CA6E9ABF85A10286BE">>},
 {<<"datum">>, <<"93B131203A60CFEA9FFFF6435A50DC24239F689DFEBB76E6AECF6CE689EFE8F4">>},
 {<<"jsx">>, <<"A05252D381885240744D955FBE3CF810504EB2567164824E19303EA59EEF62CF">>},
 {<<"jwt">>, <<"F5687B0168AE3AA1130E0068C38A7D256E622789BF4724578ADF99A7CE5531DC">>},
 {<<"meck">>, <<"FFEDB39F99B0B99703B8601C6F17C7F76313EE12DE6B646E671E3188401F7866">>},
 {<<"pipes">>, <<"A2B56796C63690ED0E78BB77BB389AF250BD70AFA15A6869369DBDC11087D68F">>},
 {<<"uid">>, <<"42E30E22908E8E2FAA6227E9C261F1954CB540BE3C5A139E112369AE6CC451FC">>}]}
].
